
Microsoft Visual Studio Solution File, Format Version 12.00
# Visual Studio Version 16
VisualStudioVersion = 16.0.31515.178
MinimumVisualStudioVersion = 10.0.40219.1
Project("{FAE04EC0-301F-11D3-BF4B-00C04F79EFBC}") = "Desafio1PreAccAlkemy", "Desafio1PreAccAlkemy.csproj", "{DF3B74ED-3EE0-4495-B589-2170BA90D2B5}"
EndProject
Project("{FAE04EC0-301F-11D3-BF4B-00C04F79EFBC}") = "Dominio", "..\Dominio\Dominio.csproj", "{D1E202D2-F5FF-4CCD-8F42-3F1C44813834}"
EndProject
Global
	GlobalSection(SolutionConfigurationPlatforms) = preSolution
		Debug|Any CPU = Debug|Any CPU
		Release|Any CPU = Release|Any CPU
	EndGlobalSection
	GlobalSection(ProjectConfigurationPlatforms) = postSolution
		{DF3B74ED-3EE0-4495-B589-2170BA90D2B5}.Debug|Any CPU.ActiveCfg = Debug|Any CPU
		{DF3B74ED-3EE0-4495-B589-2170BA90D2B5}.Debug|Any CPU.Build.0 = Debug|Any CPU
		{DF3B74ED-3EE0-4495-B589-2170BA90D2B5}.Release|Any CPU.ActiveCfg = Release|Any CPU
		{DF3B74ED-3EE0-4495-B589-2170BA90D2B5}.Release|Any CPU.Build.0 = Release|Any CPU
		{D1E202D2-F5FF-4CCD-8F42-3F1C44813834}.Debug|Any CPU.ActiveCfg = Debug|Any CPU
		{D1E202D2-F5FF-4CCD-8F42-3F1C44813834}.Debug|Any CPU.Build.0 = Debug|Any CPU
		{D1E202D2-F5FF-4CCD-8F42-3F1C44813834}.Release|Any CPU.ActiveCfg = Release|Any CPU
		{D1E202D2-F5FF-4CCD-8F42-3F1C44813834}.Release|Any CPU.Build.0 = Release|Any CPU
	EndGlobalSection
	GlobalSection(SolutionProperties) = preSolution
		HideSolutionNode = FALSE
	EndGlobalSection
	GlobalSection(ExtensibilityGlobals) = postSolution
		SolutionGuid = {2D976C02-BA59-4625-9D70-AF7A3A264739}
	EndGlobalSection
EndGlobal
